
Microsoft Visual Studio Solution File, Format Version 11.00
# Visual Studio 2010
Project("{FAE04EC0-301F-11D3-BF4B-00C04F79EFBC}") = "Gradual.OMS.Alavancagem.Operacional", "Gradual.OMS.Alavancagem.Operacional\Gradual.OMS.Alavancagem.Operacional.csproj", "{4DDDAB04-C14F-4F0E-927D-5D4B96599101}"
EndProject
Project("{FAE04EC0-301F-11D3-BF4B-00C04F79EFBC}") = "ConsoleAlavancagemOperacional", "ConsoleAlavancagemOperacional\ConsoleAlavancagemOperacional.csproj", "{EAF4639C-8BD6-4C89-B123-50519ADB6A9C}"
EndProject
Project("{FAE04EC0-301F-11D3-BF4B-00C04F79EFBC}") = "Gradual.OMS.Alavancagem.ReCalculoAutomatico", "Gradual.OMS.Alavancagem.ReCalculoAutomatico\Gradual.OMS.Alavancagem.ReCalculoAutomatico.csproj", "{ED1F4D5E-71F7-460D-AAD0-6E733933A30E}"
EndProject
Global
	GlobalSection(TeamFoundationVersionControl) = preSolution
		SccNumberOfProjects = 4
		SccEnterpriseProvider = {4CA58AB2-18FA-4F8D-95D4-32DDF27D184C}
		SccTeamFoundationServer = http://gsp-srv-tfs02:8080/tfs/projetos
		SccLocalPath0 = .
		SccProjectUniqueName1 = Gradual.OMS.Alavancagem.Operacional\\Gradual.OMS.Alavancagem.Operacional.csproj
		SccProjectName1 = Gradual.OMS.Alavancagem.Operacional
		SccLocalPath1 = Gradual.OMS.Alavancagem.Operacional
		SccProjectUniqueName2 = ConsoleAlavancagemOperacional\\ConsoleAlavancagemOperacional.csproj
		SccProjectName2 = ConsoleAlavancagemOperacional
		SccLocalPath2 = ConsoleAlavancagemOperacional
		SccProjectUniqueName3 = Gradual.OMS.Alavancagem.ReCalculoAutomatico\\Gradual.OMS.Alavancagem.ReCalculoAutomatico.csproj
		SccProjectName3 = Gradual.OMS.Alavancagem.ReCalculoAutomatico
		SccLocalPath3 = Gradual.OMS.Alavancagem.ReCalculoAutomatico
	EndGlobalSection
	GlobalSection(SolutionConfigurationPlatforms) = preSolution
		Debug|Any CPU = Debug|Any CPU
		Debug|Mixed Platforms = Debug|Mixed Platforms
		Debug|x86 = Debug|x86
		Release|Any CPU = Release|Any CPU
		Release|Mixed Platforms = Release|Mixed Platforms
		Release|x86 = Release|x86
	EndGlobalSection
	GlobalSection(ProjectConfigurationPlatforms) = postSolution
		{4DDDAB04-C14F-4F0E-927D-5D4B96599101}.Debug|Any CPU.ActiveCfg = Debug|Any CPU
		{4DDDAB04-C14F-4F0E-927D-5D4B96599101}.Debug|Any CPU.Build.0 = Debug|Any CPU
		{4DDDAB04-C14F-4F0E-927D-5D4B96599101}.Debug|Mixed Platforms.ActiveCfg = Debug|Any CPU
		{4DDDAB04-C14F-4F0E-927D-5D4B96599101}.Debug|Mixed Platforms.Build.0 = Debug|Any CPU
		{4DDDAB04-C14F-4F0E-927D-5D4B96599101}.Debug|x86.ActiveCfg = Debug|Any CPU
		{4DDDAB04-C14F-4F0E-927D-5D4B96599101}.Debug|x86.Build.0 = Debug|Any CPU
		{4DDDAB04-C14F-4F0E-927D-5D4B96599101}.Release|Any CPU.ActiveCfg = Release|Any CPU
		{4DDDAB04-C14F-4F0E-927D-5D4B96599101}.Release|Any CPU.Build.0 = Release|Any CPU
		{4DDDAB04-C14F-4F0E-927D-5D4B96599101}.Release|Mixed Platforms.ActiveCfg = Release|Any CPU
		{4DDDAB04-C14F-4F0E-927D-5D4B96599101}.Release|Mixed Platforms.Build.0 = Release|Any CPU
		{4DDDAB04-C14F-4F0E-927D-5D4B96599101}.Release|x86.ActiveCfg = Release|Any CPU
		{EAF4639C-8BD6-4C89-B123-50519ADB6A9C}.Debug|Any CPU.ActiveCfg = Debug|x86
		{EAF4639C-8BD6-4C89-B123-50519ADB6A9C}.Debug|Mixed Platforms.ActiveCfg = Debug|x86
		{EAF4639C-8BD6-4C89-B123-50519ADB6A9C}.Debug|Mixed Platforms.Build.0 = Debug|x86
		{EAF4639C-8BD6-4C89-B123-50519ADB6A9C}.Debug|x86.ActiveCfg = Debug|x86
		{EAF4639C-8BD6-4C89-B123-50519ADB6A9C}.Debug|x86.Build.0 = Debug|x86
		{EAF4639C-8BD6-4C89-B123-50519ADB6A9C}.Release|Any CPU.ActiveCfg = Release|x86
		{EAF4639C-8BD6-4C89-B123-50519ADB6A9C}.Release|Mixed Platforms.ActiveCfg = Release|x86
		{EAF4639C-8BD6-4C89-B123-50519ADB6A9C}.Release|Mixed Platforms.Build.0 = Release|x86
		{EAF4639C-8BD6-4C89-B123-50519ADB6A9C}.Release|x86.ActiveCfg = Release|x86
		{EAF4639C-8BD6-4C89-B123-50519ADB6A9C}.Release|x86.Build.0 = Release|x86
		{ED1F4D5E-71F7-460D-AAD0-6E733933A30E}.Debug|Any CPU.ActiveCfg = Debug|Any CPU
		{ED1F4D5E-71F7-460D-AAD0-6E733933A30E}.Debug|Any CPU.Build.0 = Debug|Any CPU
		{ED1F4D5E-71F7-460D-AAD0-6E733933A30E}.Debug|Mixed Platforms.ActiveCfg = Debug|Any CPU
		{ED1F4D5E-71F7-460D-AAD0-6E733933A30E}.Debug|Mixed Platforms.Build.0 = Debug|Any CPU
		{ED1F4D5E-71F7-460D-AAD0-6E733933A30E}.Debug|x86.ActiveCfg = Debug|Any CPU
		{ED1F4D5E-71F7-460D-AAD0-6E733933A30E}.Release|Any CPU.ActiveCfg = Release|Any CPU
		{ED1F4D5E-71F7-460D-AAD0-6E733933A30E}.Release|Any CPU.Build.0 = Release|Any CPU
		{ED1F4D5E-71F7-460D-AAD0-6E733933A30E}.Release|Mixed Platforms.ActiveCfg = Release|Any CPU
		{ED1F4D5E-71F7-460D-AAD0-6E733933A30E}.Release|Mixed Platforms.Build.0 = Release|Any CPU
		{ED1F4D5E-71F7-460D-AAD0-6E733933A30E}.Release|x86.ActiveCfg = Release|Any CPU
	EndGlobalSection
	GlobalSection(SolutionProperties) = preSolution
		HideSolutionNode = FALSE
	EndGlobalSection
EndGlobal
