
Microsoft Visual Studio Solution File, Format Version 11.00
# Visual Studio 2010
Project("{FAE04EC0-301F-11D3-BF4B-00C04F79EFBC}") = "Gradual.IntegracaoBRP", "Gradual.IntegracaoBRP\Gradual.IntegracaoBRP.csproj", "{5B71F584-0680-46CA-ACD0-AF36E073AC6E}"
EndProject
Project("{FAE04EC0-301F-11D3-BF4B-00C04F79EFBC}") = "Gradual.IntegracaoBRP.Lib", "Gradual.IntegracaoBRP.Lib\Gradual.IntegracaoBRP.Lib.csproj", "{A2BCA123-CF0A-4427-BFED-12493B11CA02}"
EndProject
Project("{FAE04EC0-301F-11D3-BF4B-00C04F79EFBC}") = "AppTesteIntegracaoBRP", "AppTesteIntegracaoBRP\AppTesteIntegracaoBRP.csproj", "{39ACC0A4-45D1-4836-AA43-C895F98A36E6}"
EndProject
Project("{FAE04EC0-301F-11D3-BF4B-00C04F79EFBC}") = "Gradual.RecalculoFinanceiroBRP", "Gradual.RecalculoFinanceiroBRP\Gradual.RecalculoFinanceiroBRP.csproj", "{F1F4E6EF-1ED3-42C4-820F-3CD050F76228}"
EndProject
Global
	GlobalSection(TeamFoundationVersionControl) = preSolution
		SccNumberOfProjects = 5
		SccEnterpriseProvider = {4CA58AB2-18FA-4F8D-95D4-32DDF27D184C}
		SccTeamFoundationServer = http://gsp-srv-tfs02:8080/tfs/projetos
		SccLocalPath0 = .
		SccProjectUniqueName1 = Gradual.IntegracaoBRP\\Gradual.IntegracaoBRP.csproj
		SccProjectName1 = Gradual.IntegracaoBRP
		SccLocalPath1 = Gradual.IntegracaoBRP
		SccProjectUniqueName2 = Gradual.IntegracaoBRP.Lib\\Gradual.IntegracaoBRP.Lib.csproj
		SccProjectName2 = Gradual.IntegracaoBRP.Lib
		SccLocalPath2 = Gradual.IntegracaoBRP.Lib
		SccProjectUniqueName3 = AppTesteIntegracaoBRP\\AppTesteIntegracaoBRP.csproj
		SccProjectName3 = AppTesteIntegracaoBRP
		SccLocalPath3 = AppTesteIntegracaoBRP
		SccProjectUniqueName4 = Gradual.RecalculoFinanceiroBRP\\Gradual.RecalculoFinanceiroBRP.csproj
		SccProjectName4 = Gradual.RecalculoFinanceiroBRP
		SccLocalPath4 = Gradual.RecalculoFinanceiroBRP
	EndGlobalSection
	GlobalSection(SolutionConfigurationPlatforms) = preSolution
		Debug|Any CPU = Debug|Any CPU
		Debug|Mixed Platforms = Debug|Mixed Platforms
		Debug|x86 = Debug|x86
		Release|Any CPU = Release|Any CPU
		Release|Mixed Platforms = Release|Mixed Platforms
		Release|x86 = Release|x86
	EndGlobalSection
	GlobalSection(ProjectConfigurationPlatforms) = postSolution
		{5B71F584-0680-46CA-ACD0-AF36E073AC6E}.Debug|Any CPU.ActiveCfg = Debug|Any CPU
		{5B71F584-0680-46CA-ACD0-AF36E073AC6E}.Debug|Any CPU.Build.0 = Debug|Any CPU
		{5B71F584-0680-46CA-ACD0-AF36E073AC6E}.Debug|Mixed Platforms.ActiveCfg = Debug|Any CPU
		{5B71F584-0680-46CA-ACD0-AF36E073AC6E}.Debug|Mixed Platforms.Build.0 = Debug|Any CPU
		{5B71F584-0680-46CA-ACD0-AF36E073AC6E}.Debug|x86.ActiveCfg = Debug|Any CPU
		{5B71F584-0680-46CA-ACD0-AF36E073AC6E}.Release|Any CPU.ActiveCfg = Release|Any CPU
		{5B71F584-0680-46CA-ACD0-AF36E073AC6E}.Release|Any CPU.Build.0 = Release|Any CPU
		{5B71F584-0680-46CA-ACD0-AF36E073AC6E}.Release|Mixed Platforms.ActiveCfg = Release|Any CPU
		{5B71F584-0680-46CA-ACD0-AF36E073AC6E}.Release|Mixed Platforms.Build.0 = Release|Any CPU
		{5B71F584-0680-46CA-ACD0-AF36E073AC6E}.Release|x86.ActiveCfg = Release|Any CPU
		{A2BCA123-CF0A-4427-BFED-12493B11CA02}.Debug|Any CPU.ActiveCfg = Debug|Any CPU
		{A2BCA123-CF0A-4427-BFED-12493B11CA02}.Debug|Any CPU.Build.0 = Debug|Any CPU
		{A2BCA123-CF0A-4427-BFED-12493B11CA02}.Debug|Mixed Platforms.ActiveCfg = Debug|Any CPU
		{A2BCA123-CF0A-4427-BFED-12493B11CA02}.Debug|Mixed Platforms.Build.0 = Debug|Any CPU
		{A2BCA123-CF0A-4427-BFED-12493B11CA02}.Debug|x86.ActiveCfg = Debug|Any CPU
		{A2BCA123-CF0A-4427-BFED-12493B11CA02}.Release|Any CPU.ActiveCfg = Release|Any CPU
		{A2BCA123-CF0A-4427-BFED-12493B11CA02}.Release|Any CPU.Build.0 = Release|Any CPU
		{A2BCA123-CF0A-4427-BFED-12493B11CA02}.Release|Mixed Platforms.ActiveCfg = Release|Any CPU
		{A2BCA123-CF0A-4427-BFED-12493B11CA02}.Release|Mixed Platforms.Build.0 = Release|Any CPU
		{A2BCA123-CF0A-4427-BFED-12493B11CA02}.Release|x86.ActiveCfg = Release|Any CPU
		{39ACC0A4-45D1-4836-AA43-C895F98A36E6}.Debug|Any CPU.ActiveCfg = Debug|x86
		{39ACC0A4-45D1-4836-AA43-C895F98A36E6}.Debug|Mixed Platforms.ActiveCfg = Debug|x86
		{39ACC0A4-45D1-4836-AA43-C895F98A36E6}.Debug|Mixed Platforms.Build.0 = Debug|x86
		{39ACC0A4-45D1-4836-AA43-C895F98A36E6}.Debug|x86.ActiveCfg = Debug|x86
		{39ACC0A4-45D1-4836-AA43-C895F98A36E6}.Debug|x86.Build.0 = Debug|x86
		{39ACC0A4-45D1-4836-AA43-C895F98A36E6}.Release|Any CPU.ActiveCfg = Release|x86
		{39ACC0A4-45D1-4836-AA43-C895F98A36E6}.Release|Mixed Platforms.ActiveCfg = Release|x86
		{39ACC0A4-45D1-4836-AA43-C895F98A36E6}.Release|Mixed Platforms.Build.0 = Release|x86
		{39ACC0A4-45D1-4836-AA43-C895F98A36E6}.Release|x86.ActiveCfg = Release|x86
		{39ACC0A4-45D1-4836-AA43-C895F98A36E6}.Release|x86.Build.0 = Release|x86
		{F1F4E6EF-1ED3-42C4-820F-3CD050F76228}.Debug|Any CPU.ActiveCfg = Debug|Any CPU
		{F1F4E6EF-1ED3-42C4-820F-3CD050F76228}.Debug|Any CPU.Build.0 = Debug|Any CPU
		{F1F4E6EF-1ED3-42C4-820F-3CD050F76228}.Debug|Mixed Platforms.ActiveCfg = Debug|Any CPU
		{F1F4E6EF-1ED3-42C4-820F-3CD050F76228}.Debug|Mixed Platforms.Build.0 = Debug|Any CPU
		{F1F4E6EF-1ED3-42C4-820F-3CD050F76228}.Debug|x86.ActiveCfg = Debug|Any CPU
		{F1F4E6EF-1ED3-42C4-820F-3CD050F76228}.Release|Any CPU.ActiveCfg = Release|Any CPU
		{F1F4E6EF-1ED3-42C4-820F-3CD050F76228}.Release|Any CPU.Build.0 = Release|Any CPU
		{F1F4E6EF-1ED3-42C4-820F-3CD050F76228}.Release|Mixed Platforms.ActiveCfg = Release|Any CPU
		{F1F4E6EF-1ED3-42C4-820F-3CD050F76228}.Release|Mixed Platforms.Build.0 = Release|Any CPU
		{F1F4E6EF-1ED3-42C4-820F-3CD050F76228}.Release|x86.ActiveCfg = Release|Any CPU
	EndGlobalSection
	GlobalSection(SolutionProperties) = preSolution
		HideSolutionNode = FALSE
	EndGlobalSection
EndGlobal
