
Microsoft Visual Studio Solution File, Format Version 11.00
# Visual Studio 2010
Project("{FAE04EC0-301F-11D3-BF4B-00C04F79EFBC}") = "CelulaAtivacao", "CelulaAtivacao.csproj", "{5EC8F747-BA4B-44F9-A501-2A4B812A91AD}"
EndProject
Global
	GlobalSection(TeamFoundationVersionControl) = preSolution
		SccNumberOfProjects = 2
		SccEnterpriseProvider = {4CA58AB2-18FA-4F8D-95D4-32DDF27D184C}
		SccTeamFoundationServer = http://gsp-srv-tfs02:8080/tfs/projetos
		SccLocalPath0 = .
		SccProjectUniqueName1 = CelulaAtivacao.csproj
		SccLocalPath1 = .
	EndGlobalSection
	GlobalSection(SolutionConfigurationPlatforms) = preSolution
		Debug|Any CPU = Debug|Any CPU
		Release|Any CPU = Release|Any CPU
	EndGlobalSection
	GlobalSection(ProjectConfigurationPlatforms) = postSolution
		{5EC8F747-BA4B-44F9-A501-2A4B812A91AD}.Debug|Any CPU.ActiveCfg = Debug|Any CPU
		{5EC8F747-BA4B-44F9-A501-2A4B812A91AD}.Debug|Any CPU.Build.0 = Debug|Any CPU
		{5EC8F747-BA4B-44F9-A501-2A4B812A91AD}.Release|Any CPU.ActiveCfg = Release|Any CPU
		{5EC8F747-BA4B-44F9-A501-2A4B812A91AD}.Release|Any CPU.Build.0 = Release|Any CPU
	EndGlobalSection
	GlobalSection(SolutionProperties) = preSolution
		HideSolutionNode = FALSE
	EndGlobalSection
EndGlobal
