
Microsoft Visual Studio Solution File, Format Version 11.00
# Visual Studio 2010
Project("{FAE04EC0-301F-11D3-BF4B-00C04F79EFBC}") = "Gradual.Spider.PositionClient.Monitor", "Gradual.Spider.PositionClient.Monitor\Gradual.Spider.PositionClient.Monitor.csproj", "{252DC413-BF58-4CC6-9CEE-E095B9825610}"
EndProject
Project("{FAE04EC0-301F-11D3-BF4B-00C04F79EFBC}") = "Gradual.Spider.PositionClient.CommandAssembly", "Gradual.Spider.PositionClient.CommandAssembly\Gradual.Spider.PositionClient.CommandAssembly.csproj", "{0B8AEFA8-2E2D-4CED-983B-A90822678E30}"
EndProject
Project("{FAE04EC0-301F-11D3-BF4B-00C04F79EFBC}") = "SuperWebSocket", "SuperWebSocket\SuperWebSocket.csproj", "{2DC79E40-BB70-4F6A-B378-905F2FBC6E97}"
EndProject
Global
	GlobalSection(TeamFoundationVersionControl) = preSolution
		SccNumberOfProjects = 4
		SccEnterpriseProvider = {4CA58AB2-18FA-4F8D-95D4-32DDF27D184C}
		SccTeamFoundationServer = http://gsp-srv-tfs02:8080/tfs/projetos
		SccLocalPath0 = .
		SccProjectUniqueName1 = Gradual.Spider.PositionClient.Monitor\\Gradual.Spider.PositionClient.Monitor.csproj
		SccProjectName1 = Gradual.Spider.PositionClient.Monitor
		SccLocalPath1 = Gradual.Spider.PositionClient.Monitor
		SccProjectUniqueName2 = Gradual.Spider.PositionClient.CommandAssembly\\Gradual.Spider.PositionClient.CommandAssembly.csproj
		SccProjectName2 = Gradual.Spider.PositionClient.CommandAssembly
		SccLocalPath2 = Gradual.Spider.PositionClient.CommandAssembly
		SccProjectUniqueName3 = SuperWebSocket\\SuperWebSocket.csproj
		SccProjectName3 = SuperWebSocket
		SccLocalPath3 = SuperWebSocket
	EndGlobalSection
	GlobalSection(SolutionConfigurationPlatforms) = preSolution
		Debug|Any CPU = Debug|Any CPU
		Debug|Mixed Platforms = Debug|Mixed Platforms
		Debug|x86 = Debug|x86
		Release|Any CPU = Release|Any CPU
		Release|Mixed Platforms = Release|Mixed Platforms
		Release|x86 = Release|x86
	EndGlobalSection
	GlobalSection(ProjectConfigurationPlatforms) = postSolution
		{252DC413-BF58-4CC6-9CEE-E095B9825610}.Debug|Any CPU.ActiveCfg = Debug|Any CPU
		{252DC413-BF58-4CC6-9CEE-E095B9825610}.Debug|Any CPU.Build.0 = Debug|Any CPU
		{252DC413-BF58-4CC6-9CEE-E095B9825610}.Debug|Mixed Platforms.ActiveCfg = Debug|Any CPU
		{252DC413-BF58-4CC6-9CEE-E095B9825610}.Debug|Mixed Platforms.Build.0 = Debug|Any CPU
		{252DC413-BF58-4CC6-9CEE-E095B9825610}.Debug|x86.ActiveCfg = Debug|Any CPU
		{252DC413-BF58-4CC6-9CEE-E095B9825610}.Release|Any CPU.ActiveCfg = Release|Any CPU
		{252DC413-BF58-4CC6-9CEE-E095B9825610}.Release|Any CPU.Build.0 = Release|Any CPU
		{252DC413-BF58-4CC6-9CEE-E095B9825610}.Release|Mixed Platforms.ActiveCfg = Release|Any CPU
		{252DC413-BF58-4CC6-9CEE-E095B9825610}.Release|Mixed Platforms.Build.0 = Release|Any CPU
		{252DC413-BF58-4CC6-9CEE-E095B9825610}.Release|x86.ActiveCfg = Release|Any CPU
		{0B8AEFA8-2E2D-4CED-983B-A90822678E30}.Debug|Any CPU.ActiveCfg = Debug|Any CPU
		{0B8AEFA8-2E2D-4CED-983B-A90822678E30}.Debug|Any CPU.Build.0 = Debug|Any CPU
		{0B8AEFA8-2E2D-4CED-983B-A90822678E30}.Debug|Mixed Platforms.ActiveCfg = Debug|Any CPU
		{0B8AEFA8-2E2D-4CED-983B-A90822678E30}.Debug|Mixed Platforms.Build.0 = Debug|Any CPU
		{0B8AEFA8-2E2D-4CED-983B-A90822678E30}.Debug|x86.ActiveCfg = Debug|Any CPU
		{0B8AEFA8-2E2D-4CED-983B-A90822678E30}.Release|Any CPU.ActiveCfg = Release|Any CPU
		{0B8AEFA8-2E2D-4CED-983B-A90822678E30}.Release|Any CPU.Build.0 = Release|Any CPU
		{0B8AEFA8-2E2D-4CED-983B-A90822678E30}.Release|Mixed Platforms.ActiveCfg = Release|Any CPU
		{0B8AEFA8-2E2D-4CED-983B-A90822678E30}.Release|Mixed Platforms.Build.0 = Release|Any CPU
		{0B8AEFA8-2E2D-4CED-983B-A90822678E30}.Release|x86.ActiveCfg = Release|Any CPU
		{2DC79E40-BB70-4F6A-B378-905F2FBC6E97}.Debug|Any CPU.ActiveCfg = Debug|Any CPU
		{2DC79E40-BB70-4F6A-B378-905F2FBC6E97}.Debug|Any CPU.Build.0 = Debug|Any CPU
		{2DC79E40-BB70-4F6A-B378-905F2FBC6E97}.Debug|Mixed Platforms.ActiveCfg = Debug|Any CPU
		{2DC79E40-BB70-4F6A-B378-905F2FBC6E97}.Debug|Mixed Platforms.Build.0 = Debug|Any CPU
		{2DC79E40-BB70-4F6A-B378-905F2FBC6E97}.Debug|x86.ActiveCfg = Debug|Any CPU
		{2DC79E40-BB70-4F6A-B378-905F2FBC6E97}.Release|Any CPU.ActiveCfg = Release|Any CPU
		{2DC79E40-BB70-4F6A-B378-905F2FBC6E97}.Release|Any CPU.Build.0 = Release|Any CPU
		{2DC79E40-BB70-4F6A-B378-905F2FBC6E97}.Release|Mixed Platforms.ActiveCfg = Release|Any CPU
		{2DC79E40-BB70-4F6A-B378-905F2FBC6E97}.Release|Mixed Platforms.Build.0 = Release|Any CPU
		{2DC79E40-BB70-4F6A-B378-905F2FBC6E97}.Release|x86.ActiveCfg = Release|Any CPU
	EndGlobalSection
	GlobalSection(SolutionProperties) = preSolution
		HideSolutionNode = FALSE
	EndGlobalSection
EndGlobal
