
Microsoft Visual Studio Solution File, Format Version 11.00
# Visual Studio 2010
Project("{FAE04EC0-301F-11D3-BF4B-00C04F79EFBC}") = "Gradual.Spider.GlobalOrderTracking", "Gradual.Spider.GlobalOrderTracking\Gradual.Spider.GlobalOrderTracking.csproj", "{2CB31A38-51E3-4C77-9904-A1C9BBCBDC54}"
EndProject
Project("{FAE04EC0-301F-11D3-BF4B-00C04F79EFBC}") = "Gradual.Utils", "..\Gradual.GTI\Gradual.Utils\Gradual.Utils\Gradual.Utils.csproj", "{D92548A5-47C7-45C5-954C-5AD0C13E7A2C}"
EndProject
Project("{FAE04EC0-301F-11D3-BF4B-00C04F79EFBC}") = "Gradual.Utils.Logger", "..\Gradual.GTI\Gradual.Utils\Gradual.Utils.Logger\Gradual.Utils.Logger.csproj", "{7AB1E12A-8DAA-4C10-842B-F2B0B7B4F04C}"
EndProject
Project("{FAE04EC0-301F-11D3-BF4B-00C04F79EFBC}") = "GradualForm", "..\Gradual.GTI\GradualForm\GradualForm\GradualForm.csproj", "{3B25656A-0A6B-4B68-BF41-9D3C50387EA2}"
EndProject
Project("{FAE04EC0-301F-11D3-BF4B-00C04F79EFBC}") = "Gradual.Spider.Servicos.Configuracoes", "Gradual.Spider.Servicos\Gradual.Spider.Servicos.Configuracoes\Gradual.Spider.Servicos.Configuracoes.csproj", "{9BC33F6D-3E6D-44BE-8870-48CCA8265DAC}"
EndProject
Project("{FAE04EC0-301F-11D3-BF4B-00C04F79EFBC}") = "Gradual.Spider.Servicos.Configuracoes.Lib", "Gradual.Spider.Servicos\Gradual.Spider.Servicos.Configuracoes.Lib\Gradual.Spider.Servicos.Configuracoes.Lib.csproj", "{69EAD2DF-D5AF-4EAC-8F82-A3A23E52DDDB}"
EndProject
Project("{FAE04EC0-301F-11D3-BF4B-00C04F79EFBC}") = "Gradual.Spider.CommSocket", "Gradual.Spider.CommSocket\Gradual.Spider.CommSocket\Gradual.Spider.CommSocket.csproj", "{DFA2D310-CD8A-4338-BB96-EAC96BE96729}"
EndProject
Project("{FAE04EC0-301F-11D3-BF4B-00C04F79EFBC}") = "Gradual.OMS.Library", "..\Gradual.OMS-II\Gradual.OMS.Core\Gradual.OMS.Library\Gradual.OMS.Library.csproj", "{A5E45264-237E-471B-9260-88552A1EF7F3}"
EndProject
Project("{FAE04EC0-301F-11D3-BF4B-00C04F79EFBC}") = "Gradual.Generico.Dados", "..\Gradual.Etc\Gradual.Generico.Dados\Gradual.Generico.Dados\Gradual.Generico.Dados.csproj", "{8FBA9580-0722-4159-A91A-1DA79B58EB7A}"
EndProject
Global
	GlobalSection(TeamFoundationVersionControl) = preSolution
		SccNumberOfProjects = 8
		SccEnterpriseProvider = {4CA58AB2-18FA-4F8D-95D4-32DDF27D184C}
		SccTeamFoundationServer = http://gsp-srv-tfs02:8080/tfs/projetos
		SccProjectUniqueName0 = Gradual.Spider.GlobalOrderTracking\\Gradual.Spider.GlobalOrderTracking.csproj
		SccProjectName0 = Gradual.Spider.GlobalOrderTracking
		SccAuxPath0 = http://gsp-srv-tfs02:8080/tfs/projetos
		SccLocalPath0 = Gradual.Spider.GlobalOrderTracking
		SccProvider0 = {4CA58AB2-18FA-4F8D-95D4-32DDF27D184C}
		SccProjectUniqueName1 = ..\\Gradual.GTI\\Gradual.Utils\\Gradual.Utils\\Gradual.Utils.csproj
		SccProjectName1 = ../Gradual.GTI/Gradual.Utils/Gradual.Utils
		SccAuxPath1 = http://gsp-srv-tfs02:8080/tfs/projetos
		SccLocalPath1 = ..\\Gradual.GTI\\Gradual.Utils\\Gradual.Utils
		SccProvider1 = {4CA58AB2-18FA-4F8D-95D4-32DDF27D184C}
		SccProjectUniqueName2 = ..\\Gradual.GTI\\GradualForm\\GradualForm\\GradualForm.csproj
		SccProjectName2 = ../Gradual.GTI/GradualForm/GradualForm
		SccAuxPath2 = http://gsp-srv-tfs02:8080/tfs/projetos
		SccLocalPath2 = ..\\Gradual.GTI\\GradualForm\\GradualForm
		SccProvider2 = {4CA58AB2-18FA-4F8D-95D4-32DDF27D184C}
		SccProjectUniqueName3 = Gradual.Spider.Servicos\\Gradual.Spider.Servicos.Configuracoes\\Gradual.Spider.Servicos.Configuracoes.csproj
		SccProjectName3 = Gradual.Spider.Servicos/Gradual.Spider.Servicos.Configuracoes
		SccAuxPath3 = http://gsp-srv-tfs02:8080/tfs/projetos
		SccLocalPath3 = Gradual.Spider.Servicos\\Gradual.Spider.Servicos.Configuracoes
		SccProvider3 = {4CA58AB2-18FA-4F8D-95D4-32DDF27D184C}
		SccProjectUniqueName4 = Gradual.Spider.Servicos\\Gradual.Spider.Servicos.Configuracoes.Lib\\Gradual.Spider.Servicos.Configuracoes.Lib.csproj
		SccProjectName4 = Gradual.Spider.Servicos/Gradual.Spider.Servicos.Configuracoes.Lib
		SccAuxPath4 = http://gsp-srv-tfs02:8080/tfs/projetos
		SccLocalPath4 = Gradual.Spider.Servicos\\Gradual.Spider.Servicos.Configuracoes.Lib
		SccProvider4 = {4CA58AB2-18FA-4F8D-95D4-32DDF27D184C}
		SccProjectUniqueName5 = Gradual.Spider.CommSocket\\Gradual.Spider.CommSocket\\Gradual.Spider.CommSocket.csproj
		SccProjectName5 = Gradual.Spider.CommSocket/Gradual.Spider.CommSocket
		SccAuxPath5 = http://gsp-srv-tfs02:8080/tfs/projetos
		SccLocalPath5 = Gradual.Spider.CommSocket\\Gradual.Spider.CommSocket
		SccProvider5 = {4CA58AB2-18FA-4F8D-95D4-32DDF27D184C}
		SccProjectUniqueName6 = ..\\Gradual.OMS-II\\Gradual.OMS.Core\\Gradual.OMS.Library\\Gradual.OMS.Library.csproj
		SccProjectName6 = ../Gradual.OMS-II/Gradual.OMS.Core/Gradual.OMS.Library
		SccAuxPath6 = http://gsp-srv-tfs02:8080/tfs/projetos
		SccLocalPath6 = ..\\Gradual.OMS-II\\Gradual.OMS.Core\\Gradual.OMS.Library
		SccProvider6 = {4CA58AB2-18FA-4F8D-95D4-32DDF27D184C}
		SccProjectUniqueName7 = ..\\Gradual.Etc\\Gradual.Generico.Dados\\Gradual.Generico.Dados\\Gradual.Generico.Dados.csproj
		SccProjectName7 = ../Gradual.Etc/Gradual.Generico.Dados/Gradual.Generico.Dados
		SccAuxPath7 = http://gsp-srv-tfs02:8080/tfs/projetos
		SccLocalPath7 = ..\\Gradual.Etc\\Gradual.Generico.Dados\\Gradual.Generico.Dados
		SccProvider7 = {4CA58AB2-18FA-4F8D-95D4-32DDF27D184C}
	EndGlobalSection
	GlobalSection(SolutionConfigurationPlatforms) = preSolution
		Debug|Any CPU = Debug|Any CPU
		Debug|Mixed Platforms = Debug|Mixed Platforms
		Debug|x64 = Debug|x64
		Debug|x86 = Debug|x86
		Release|Any CPU = Release|Any CPU
		Release|Mixed Platforms = Release|Mixed Platforms
		Release|x64 = Release|x64
		Release|x86 = Release|x86
	EndGlobalSection
	GlobalSection(ProjectConfigurationPlatforms) = postSolution
		{2CB31A38-51E3-4C77-9904-A1C9BBCBDC54}.Debug|Any CPU.ActiveCfg = Debug|x86
		{2CB31A38-51E3-4C77-9904-A1C9BBCBDC54}.Debug|Mixed Platforms.ActiveCfg = Debug|x86
		{2CB31A38-51E3-4C77-9904-A1C9BBCBDC54}.Debug|Mixed Platforms.Build.0 = Debug|x86
		{2CB31A38-51E3-4C77-9904-A1C9BBCBDC54}.Debug|x64.ActiveCfg = Debug|x86
		{2CB31A38-51E3-4C77-9904-A1C9BBCBDC54}.Debug|x86.ActiveCfg = Debug|x86
		{2CB31A38-51E3-4C77-9904-A1C9BBCBDC54}.Debug|x86.Build.0 = Debug|x86
		{2CB31A38-51E3-4C77-9904-A1C9BBCBDC54}.Release|Any CPU.ActiveCfg = Release|x86
		{2CB31A38-51E3-4C77-9904-A1C9BBCBDC54}.Release|Mixed Platforms.ActiveCfg = Release|x86
		{2CB31A38-51E3-4C77-9904-A1C9BBCBDC54}.Release|Mixed Platforms.Build.0 = Release|x86
		{2CB31A38-51E3-4C77-9904-A1C9BBCBDC54}.Release|x64.ActiveCfg = Release|x86
		{2CB31A38-51E3-4C77-9904-A1C9BBCBDC54}.Release|x86.ActiveCfg = Release|x86
		{2CB31A38-51E3-4C77-9904-A1C9BBCBDC54}.Release|x86.Build.0 = Release|x86
		{D92548A5-47C7-45C5-954C-5AD0C13E7A2C}.Debug|Any CPU.ActiveCfg = Debug|Any CPU
		{D92548A5-47C7-45C5-954C-5AD0C13E7A2C}.Debug|Any CPU.Build.0 = Debug|Any CPU
		{D92548A5-47C7-45C5-954C-5AD0C13E7A2C}.Debug|Mixed Platforms.ActiveCfg = Debug|x86
		{D92548A5-47C7-45C5-954C-5AD0C13E7A2C}.Debug|Mixed Platforms.Build.0 = Debug|x86
		{D92548A5-47C7-45C5-954C-5AD0C13E7A2C}.Debug|x64.ActiveCfg = Debug|x86
		{D92548A5-47C7-45C5-954C-5AD0C13E7A2C}.Debug|x86.ActiveCfg = Debug|x86
		{D92548A5-47C7-45C5-954C-5AD0C13E7A2C}.Debug|x86.Build.0 = Debug|x86
		{D92548A5-47C7-45C5-954C-5AD0C13E7A2C}.Release|Any CPU.ActiveCfg = Release|Any CPU
		{D92548A5-47C7-45C5-954C-5AD0C13E7A2C}.Release|Any CPU.Build.0 = Release|Any CPU
		{D92548A5-47C7-45C5-954C-5AD0C13E7A2C}.Release|Mixed Platforms.ActiveCfg = Release|x86
		{D92548A5-47C7-45C5-954C-5AD0C13E7A2C}.Release|Mixed Platforms.Build.0 = Release|x86
		{D92548A5-47C7-45C5-954C-5AD0C13E7A2C}.Release|x64.ActiveCfg = Release|x86
		{D92548A5-47C7-45C5-954C-5AD0C13E7A2C}.Release|x86.ActiveCfg = Release|x86
		{D92548A5-47C7-45C5-954C-5AD0C13E7A2C}.Release|x86.Build.0 = Release|x86
		{7AB1E12A-8DAA-4C10-842B-F2B0B7B4F04C}.Debug|Any CPU.ActiveCfg = Debug|Any CPU
		{7AB1E12A-8DAA-4C10-842B-F2B0B7B4F04C}.Debug|Any CPU.Build.0 = Debug|Any CPU
		{7AB1E12A-8DAA-4C10-842B-F2B0B7B4F04C}.Debug|Mixed Platforms.ActiveCfg = Debug|x86
		{7AB1E12A-8DAA-4C10-842B-F2B0B7B4F04C}.Debug|Mixed Platforms.Build.0 = Debug|x86
		{7AB1E12A-8DAA-4C10-842B-F2B0B7B4F04C}.Debug|x64.ActiveCfg = Debug|x86
		{7AB1E12A-8DAA-4C10-842B-F2B0B7B4F04C}.Debug|x86.ActiveCfg = Debug|x86
		{7AB1E12A-8DAA-4C10-842B-F2B0B7B4F04C}.Debug|x86.Build.0 = Debug|x86
		{7AB1E12A-8DAA-4C10-842B-F2B0B7B4F04C}.Release|Any CPU.ActiveCfg = Release|Any CPU
		{7AB1E12A-8DAA-4C10-842B-F2B0B7B4F04C}.Release|Any CPU.Build.0 = Release|Any CPU
		{7AB1E12A-8DAA-4C10-842B-F2B0B7B4F04C}.Release|Mixed Platforms.ActiveCfg = Release|x86
		{7AB1E12A-8DAA-4C10-842B-F2B0B7B4F04C}.Release|Mixed Platforms.Build.0 = Release|x86
		{7AB1E12A-8DAA-4C10-842B-F2B0B7B4F04C}.Release|x64.ActiveCfg = Release|x86
		{7AB1E12A-8DAA-4C10-842B-F2B0B7B4F04C}.Release|x86.ActiveCfg = Release|x86
		{7AB1E12A-8DAA-4C10-842B-F2B0B7B4F04C}.Release|x86.Build.0 = Release|x86
		{3B25656A-0A6B-4B68-BF41-9D3C50387EA2}.Debug|Any CPU.ActiveCfg = Debug|Any CPU
		{3B25656A-0A6B-4B68-BF41-9D3C50387EA2}.Debug|Any CPU.Build.0 = Debug|Any CPU
		{3B25656A-0A6B-4B68-BF41-9D3C50387EA2}.Debug|Mixed Platforms.ActiveCfg = Debug|x86
		{3B25656A-0A6B-4B68-BF41-9D3C50387EA2}.Debug|Mixed Platforms.Build.0 = Debug|x86
		{3B25656A-0A6B-4B68-BF41-9D3C50387EA2}.Debug|x64.ActiveCfg = Debug|x86
		{3B25656A-0A6B-4B68-BF41-9D3C50387EA2}.Debug|x86.ActiveCfg = Debug|x86
		{3B25656A-0A6B-4B68-BF41-9D3C50387EA2}.Debug|x86.Build.0 = Debug|x86
		{3B25656A-0A6B-4B68-BF41-9D3C50387EA2}.Release|Any CPU.ActiveCfg = Release|Any CPU
		{3B25656A-0A6B-4B68-BF41-9D3C50387EA2}.Release|Any CPU.Build.0 = Release|Any CPU
		{3B25656A-0A6B-4B68-BF41-9D3C50387EA2}.Release|Mixed Platforms.ActiveCfg = Release|x86
		{3B25656A-0A6B-4B68-BF41-9D3C50387EA2}.Release|Mixed Platforms.Build.0 = Release|x86
		{3B25656A-0A6B-4B68-BF41-9D3C50387EA2}.Release|x64.ActiveCfg = Release|x86
		{3B25656A-0A6B-4B68-BF41-9D3C50387EA2}.Release|x86.ActiveCfg = Release|x86
		{3B25656A-0A6B-4B68-BF41-9D3C50387EA2}.Release|x86.Build.0 = Release|x86
		{9BC33F6D-3E6D-44BE-8870-48CCA8265DAC}.Debug|Any CPU.ActiveCfg = Debug|x86
		{9BC33F6D-3E6D-44BE-8870-48CCA8265DAC}.Debug|Mixed Platforms.ActiveCfg = Debug|x86
		{9BC33F6D-3E6D-44BE-8870-48CCA8265DAC}.Debug|Mixed Platforms.Build.0 = Debug|x86
		{9BC33F6D-3E6D-44BE-8870-48CCA8265DAC}.Debug|x64.ActiveCfg = Debug|x86
		{9BC33F6D-3E6D-44BE-8870-48CCA8265DAC}.Debug|x86.ActiveCfg = Debug|x86
		{9BC33F6D-3E6D-44BE-8870-48CCA8265DAC}.Debug|x86.Build.0 = Debug|x86
		{9BC33F6D-3E6D-44BE-8870-48CCA8265DAC}.Release|Any CPU.ActiveCfg = Release|x86
		{9BC33F6D-3E6D-44BE-8870-48CCA8265DAC}.Release|Mixed Platforms.ActiveCfg = Release|x86
		{9BC33F6D-3E6D-44BE-8870-48CCA8265DAC}.Release|Mixed Platforms.Build.0 = Release|x86
		{9BC33F6D-3E6D-44BE-8870-48CCA8265DAC}.Release|x64.ActiveCfg = Release|x86
		{9BC33F6D-3E6D-44BE-8870-48CCA8265DAC}.Release|x86.ActiveCfg = Release|x86
		{9BC33F6D-3E6D-44BE-8870-48CCA8265DAC}.Release|x86.Build.0 = Release|x86
		{69EAD2DF-D5AF-4EAC-8F82-A3A23E52DDDB}.Debug|Any CPU.ActiveCfg = Debug|x86
		{69EAD2DF-D5AF-4EAC-8F82-A3A23E52DDDB}.Debug|Mixed Platforms.ActiveCfg = Debug|x86
		{69EAD2DF-D5AF-4EAC-8F82-A3A23E52DDDB}.Debug|Mixed Platforms.Build.0 = Debug|x86
		{69EAD2DF-D5AF-4EAC-8F82-A3A23E52DDDB}.Debug|x64.ActiveCfg = Debug|x86
		{69EAD2DF-D5AF-4EAC-8F82-A3A23E52DDDB}.Debug|x86.ActiveCfg = Debug|x86
		{69EAD2DF-D5AF-4EAC-8F82-A3A23E52DDDB}.Debug|x86.Build.0 = Debug|x86
		{69EAD2DF-D5AF-4EAC-8F82-A3A23E52DDDB}.Release|Any CPU.ActiveCfg = Release|x86
		{69EAD2DF-D5AF-4EAC-8F82-A3A23E52DDDB}.Release|Mixed Platforms.ActiveCfg = Release|x86
		{69EAD2DF-D5AF-4EAC-8F82-A3A23E52DDDB}.Release|Mixed Platforms.Build.0 = Release|x86
		{69EAD2DF-D5AF-4EAC-8F82-A3A23E52DDDB}.Release|x64.ActiveCfg = Release|x86
		{69EAD2DF-D5AF-4EAC-8F82-A3A23E52DDDB}.Release|x86.ActiveCfg = Release|x86
		{69EAD2DF-D5AF-4EAC-8F82-A3A23E52DDDB}.Release|x86.Build.0 = Release|x86
		{DFA2D310-CD8A-4338-BB96-EAC96BE96729}.Debug|Any CPU.ActiveCfg = Debug|Any CPU
		{DFA2D310-CD8A-4338-BB96-EAC96BE96729}.Debug|Any CPU.Build.0 = Debug|Any CPU
		{DFA2D310-CD8A-4338-BB96-EAC96BE96729}.Debug|Mixed Platforms.ActiveCfg = Debug|Any CPU
		{DFA2D310-CD8A-4338-BB96-EAC96BE96729}.Debug|Mixed Platforms.Build.0 = Debug|Any CPU
		{DFA2D310-CD8A-4338-BB96-EAC96BE96729}.Debug|x64.ActiveCfg = Debug|Any CPU
		{DFA2D310-CD8A-4338-BB96-EAC96BE96729}.Debug|x86.ActiveCfg = Debug|Any CPU
		{DFA2D310-CD8A-4338-BB96-EAC96BE96729}.Release|Any CPU.ActiveCfg = Release|Any CPU
		{DFA2D310-CD8A-4338-BB96-EAC96BE96729}.Release|Any CPU.Build.0 = Release|Any CPU
		{DFA2D310-CD8A-4338-BB96-EAC96BE96729}.Release|Mixed Platforms.ActiveCfg = Release|Any CPU
		{DFA2D310-CD8A-4338-BB96-EAC96BE96729}.Release|Mixed Platforms.Build.0 = Release|Any CPU
		{DFA2D310-CD8A-4338-BB96-EAC96BE96729}.Release|x64.ActiveCfg = Release|Any CPU
		{DFA2D310-CD8A-4338-BB96-EAC96BE96729}.Release|x86.ActiveCfg = Release|Any CPU
		{A5E45264-237E-471B-9260-88552A1EF7F3}.Debug|Any CPU.ActiveCfg = Debug|Any CPU
		{A5E45264-237E-471B-9260-88552A1EF7F3}.Debug|Any CPU.Build.0 = Debug|Any CPU
		{A5E45264-237E-471B-9260-88552A1EF7F3}.Debug|Mixed Platforms.ActiveCfg = Debug|x64
		{A5E45264-237E-471B-9260-88552A1EF7F3}.Debug|Mixed Platforms.Build.0 = Debug|x64
		{A5E45264-237E-471B-9260-88552A1EF7F3}.Debug|x64.ActiveCfg = Debug|x64
		{A5E45264-237E-471B-9260-88552A1EF7F3}.Debug|x64.Build.0 = Debug|x64
		{A5E45264-237E-471B-9260-88552A1EF7F3}.Debug|x86.ActiveCfg = Debug|x86
		{A5E45264-237E-471B-9260-88552A1EF7F3}.Debug|x86.Build.0 = Debug|x86
		{A5E45264-237E-471B-9260-88552A1EF7F3}.Release|Any CPU.ActiveCfg = Release|Any CPU
		{A5E45264-237E-471B-9260-88552A1EF7F3}.Release|Any CPU.Build.0 = Release|Any CPU
		{A5E45264-237E-471B-9260-88552A1EF7F3}.Release|Mixed Platforms.ActiveCfg = Release|x64
		{A5E45264-237E-471B-9260-88552A1EF7F3}.Release|Mixed Platforms.Build.0 = Release|x64
		{A5E45264-237E-471B-9260-88552A1EF7F3}.Release|x64.ActiveCfg = Release|x64
		{A5E45264-237E-471B-9260-88552A1EF7F3}.Release|x64.Build.0 = Release|x64
		{A5E45264-237E-471B-9260-88552A1EF7F3}.Release|x86.ActiveCfg = Release|x86
		{A5E45264-237E-471B-9260-88552A1EF7F3}.Release|x86.Build.0 = Release|x86
		{8FBA9580-0722-4159-A91A-1DA79B58EB7A}.Debug|Any CPU.ActiveCfg = Debug|Any CPU
		{8FBA9580-0722-4159-A91A-1DA79B58EB7A}.Debug|Any CPU.Build.0 = Debug|Any CPU
		{8FBA9580-0722-4159-A91A-1DA79B58EB7A}.Debug|Mixed Platforms.ActiveCfg = Debug|Any CPU
		{8FBA9580-0722-4159-A91A-1DA79B58EB7A}.Debug|Mixed Platforms.Build.0 = Debug|Any CPU
		{8FBA9580-0722-4159-A91A-1DA79B58EB7A}.Debug|x64.ActiveCfg = Debug|Any CPU
		{8FBA9580-0722-4159-A91A-1DA79B58EB7A}.Debug|x86.ActiveCfg = Debug|Any CPU
		{8FBA9580-0722-4159-A91A-1DA79B58EB7A}.Release|Any CPU.ActiveCfg = Release|Any CPU
		{8FBA9580-0722-4159-A91A-1DA79B58EB7A}.Release|Any CPU.Build.0 = Release|Any CPU
		{8FBA9580-0722-4159-A91A-1DA79B58EB7A}.Release|Mixed Platforms.ActiveCfg = Release|Any CPU
		{8FBA9580-0722-4159-A91A-1DA79B58EB7A}.Release|Mixed Platforms.Build.0 = Release|Any CPU
		{8FBA9580-0722-4159-A91A-1DA79B58EB7A}.Release|x64.ActiveCfg = Release|Any CPU
		{8FBA9580-0722-4159-A91A-1DA79B58EB7A}.Release|x86.ActiveCfg = Release|Any CPU
	EndGlobalSection
	GlobalSection(SolutionProperties) = preSolution
		HideSolutionNode = FALSE
	EndGlobalSection
EndGlobal
