
Microsoft Visual Studio Solution File, Format Version 11.00
# Visual Studio 2010
Project("{FAE04EC0-301F-11D3-BF4B-00C04F79EFBC}") = "Gradual.Generico.Dados", "Gradual.Generico.Dados\Gradual.Generico.Dados.csproj", "{8FBA9580-0722-4159-A91A-1DA79B58EB7A}"
EndProject
Project("{FAE04EC0-301F-11D3-BF4B-00C04F79EFBC}") = "Gradual.Generico.Geral", "Gradual.Generico.Geral\Gradual.Generico.Geral.csproj", "{F40F5967-B017-439B-954C-BAD46168D7F1}"
EndProject
Global
	GlobalSection(TeamFoundationVersionControl) = preSolution
		SccNumberOfProjects = 3
		SccEnterpriseProvider = {4CA58AB2-18FA-4F8D-95D4-32DDF27D184C}
		SccTeamFoundationServer = http://gsp-srv-tfs02:8080/tfs/projetos
		SccLocalPath0 = .
		SccProjectUniqueName1 = Gradual.Generico.Dados\\Gradual.Generico.Dados.csproj
		SccProjectName1 = Gradual.Generico.Dados
		SccLocalPath1 = Gradual.Generico.Dados
		SccProjectUniqueName2 = Gradual.Generico.Geral\\Gradual.Generico.Geral.csproj
		SccProjectName2 = Gradual.Generico.Geral
		SccLocalPath2 = Gradual.Generico.Geral
	EndGlobalSection
	GlobalSection(SolutionConfigurationPlatforms) = preSolution
		Debug|Any CPU = Debug|Any CPU
		Release|Any CPU = Release|Any CPU
	EndGlobalSection
	GlobalSection(ProjectConfigurationPlatforms) = postSolution
		{8FBA9580-0722-4159-A91A-1DA79B58EB7A}.Debug|Any CPU.ActiveCfg = Debug|Any CPU
		{8FBA9580-0722-4159-A91A-1DA79B58EB7A}.Debug|Any CPU.Build.0 = Debug|Any CPU
		{8FBA9580-0722-4159-A91A-1DA79B58EB7A}.Release|Any CPU.ActiveCfg = Release|Any CPU
		{8FBA9580-0722-4159-A91A-1DA79B58EB7A}.Release|Any CPU.Build.0 = Release|Any CPU
		{F40F5967-B017-439B-954C-BAD46168D7F1}.Debug|Any CPU.ActiveCfg = Debug|Any CPU
		{F40F5967-B017-439B-954C-BAD46168D7F1}.Debug|Any CPU.Build.0 = Debug|Any CPU
		{F40F5967-B017-439B-954C-BAD46168D7F1}.Release|Any CPU.ActiveCfg = Release|Any CPU
		{F40F5967-B017-439B-954C-BAD46168D7F1}.Release|Any CPU.Build.0 = Release|Any CPU
	EndGlobalSection
	GlobalSection(SolutionProperties) = preSolution
		HideSolutionNode = FALSE
	EndGlobalSection
EndGlobal
